hash: 79b879a2140ad1f92d0208a0015fcb99636b9247b7ed1fdc038925df82e7e5f6
updated: 2017-03-16T11:16:39.743300615+13:00
imports:
- name: github.com/cihub/seelog
  version: d2c6e5aa9fbfdd1c624e140287063c7730654115
- name: github.com/garyburd/redigo
  version: 8873b2f1995f59d4bcdd2b0dc9858e2cb9bf0c13
  subpackages:
  - internal
  - redis
- name: github.com/golang/glog
  version: 23def4e6c14b4da8ac2ed8007337bc5eb5007998
- name: github.com/youtube/vitess
  version: dde85592d9dcb9e448706a5d8f0be1fef9969cf2
  subpackages:
  - go/acl
  - go/cache
  - go/pools
  - go/sync2
- name: golang.org/x/net
  version: 6b27048ae5e6ad1ef927e72e437531493de612fe
  subpackages:
  - context
testImports: []
